
Microsoft Visual Studio Solution File, Format Version 12.00
# Visual Studio Version 17
VisualStudioVersion = 17.7.34031.279
MinimumVisualStudioVersion = 10.0.40219.1
Project("{FAE04EC0-301F-11D3-BF4B-00C04F79EFBC}") = "Database", "Database\Database.csproj", "{46C39E6F-6F1A-4D93-9FE5-DACFC21CCDC5}"
EndProject
Global
	GlobalSection(SolutionConfigurationPlatforms) = preSolution
		Debug|Any CPU = Debug|Any CPU
		Release|Any CPU = Release|Any CPU
	EndGlobalSection
	GlobalSection(ProjectConfigurationPlatforms) = postSolution
		{46C39E6F-6F1A-4D93-9FE5-DACFC21CCDC5}.Debug|Any CPU.ActiveCfg = Debug|Any CPU
		{46C39E6F-6F1A-4D93-9FE5-DACFC21CCDC5}.Debug|Any CPU.Build.0 = Debug|Any CPU
		{46C39E6F-6F1A-4D93-9FE5-DACFC21CCDC5}.Release|Any CPU.ActiveCfg = Release|Any CPU
		{46C39E6F-6F1A-4D93-9FE5-DACFC21CCDC5}.Release|Any CPU.Build.0 = Release|Any CPU
	EndGlobalSection
	GlobalSection(SolutionProperties) = preSolution
		HideSolutionNode = FALSE
	EndGlobalSection
	GlobalSection(ExtensibilityGlobals) = postSolution
		SolutionGuid = {4B14FAB4-216D-4322-A125-790A71AB9BEE}
	EndGlobalSection
EndGlobal
